
Microsoft Visual Studio Solution File, Format Version 12.00
# Visual Studio Version 17
VisualStudioVersion = 17.0.31903.59
MinimumVisualStudioVersion = 10.0.40219.1
Project("{2150E333-8FDC-42A3-9474-1A3956D46DE8}") = "src", "src", "{64A9A86D-6BCA-468E-8F1A-034B0A04032E}"
EndProject
Project("{FAE04EC0-301F-11D3-BF4B-00C04F79EFBC}") = "MTE.App", "src\MTE.App\MTE.App.csproj", "{8F6294B2-BDBF-415B-9967-38B92F040A5A}"
EndProject
Project("{FAE04EC0-301F-11D3-BF4B-00C04F79EFBC}") = "MTE.Core", "src\MTE.Core\MTE.Core.csproj", "{FB0D1C02-84C7-410C-B2DB-58835A5DFFAE}"
EndProject
Project("{FAE04EC0-301F-11D3-BF4B-00C04F79EFBC}") = "MTE.Engine", "src\MTE.Engine\MTE.Engine.csproj", "{6ADB6490-CEE1-499A-9F1B-FB1F18663DA8}"
EndProject
Project("{FAE04EC0-301F-11D3-BF4B-00C04F79EFBC}") = "MTE.Shared", "src\MTE.Shared\MTE.Shared.csproj", "{F399781C-D517-4AAA-820F-C4E4BB5815F5}"
EndProject
Project("{FAE04EC0-301F-11D3-BF4B-00C04F79EFBC}") = "MTE.Plugin.SDK", "src\MTE.Plugin.SDK\MTE.Plugin.SDK.csproj", "{3B11A8AE-010F-426C-9F59-974694BA3718}"
EndProject
Project("{FAE04EC0-301F-11D3-BF4B-00C04F79EFBC}") = "MTE.Reporting", "src\MTE.Reporting\MTE.Reporting.csproj", "{193F6B22-ECE1-4E33-8DC5-91F6CA8B0635}"
EndProject
Project("{FAE04EC0-301F-11D3-BF4B-00C04F79EFBC}") = "MTE.Security", "src\MTE.Security\MTE.Security.csproj", "{C71E1945-A4DA-49D0-BFAF-147E857D213C}"
EndProject
Project("{FAE04EC0-301F-11D3-BF4B-00C04F79EFBC}") = "MTE.PowerShell", "src\MTE.PowerShell\MTE.PowerShell.csproj", "{6322EFFA-D2E1-4781-9544-CC65C5A7CB5E}"
EndProject
Project("{2150E333-8FDC-42A3-9474-1A3956D46DE8}") = "tests", "tests", "{6915E615-0750-48A0-918A-EE5971921A5F}"
EndProject
Project("{FAE04EC0-301F-11D3-BF4B-00C04F79EFBC}") = "MTE.Tests", "tests\MTE.Tests\MTE.Tests.csproj", "{FA90121A-BD5A-429F-8931-CE21FFF8BDAB}"
EndProject
Global
	GlobalSection(SolutionConfigurationPlatforms) = preSolution
		Debug|Any CPU = Debug|Any CPU
		Release|Any CPU = Release|Any CPU
	EndGlobalSection
	GlobalSection(SolutionProperties) = preSolution
		HideSolutionNode = FALSE
	EndGlobalSection
	GlobalSection(ProjectConfigurationPlatforms) = postSolution
		{8F6294B2-BDBF-415B-9967-38B92F040A5A}.Debug|Any CPU.ActiveCfg = Debug|Any CPU
		{8F6294B2-BDBF-415B-9967-38B92F040A5A}.Debug|Any CPU.Build.0 = Debug|Any CPU
		{8F6294B2-BDBF-415B-9967-38B92F040A5A}.Release|Any CPU.ActiveCfg = Release|Any CPU
		{8F6294B2-BDBF-415B-9967-38B92F040A5A}.Release|Any CPU.Build.0 = Release|Any CPU
		{FB0D1C02-84C7-410C-B2DB-58835A5DFFAE}.Debug|Any CPU.ActiveCfg = Debug|Any CPU
		{FB0D1C02-84C7-410C-B2DB-58835A5DFFAE}.Debug|Any CPU.Build.0 = Debug|Any CPU
		{FB0D1C02-84C7-410C-B2DB-58835A5DFFAE}.Release|Any CPU.ActiveCfg = Release|Any CPU
		{FB0D1C02-84C7-410C-B2DB-58835A5DFFAE}.Release|Any CPU.Build.0 = Release|Any CPU
		{6ADB6490-CEE1-499A-9F1B-FB1F18663DA8}.Debug|Any CPU.ActiveCfg = Debug|Any CPU
		{6ADB6490-CEE1-499A-9F1B-FB1F18663DA8}.Debug|Any CPU.Build.0 = Debug|Any CPU
		{6ADB6490-CEE1-499A-9F1B-FB1F18663DA8}.Release|Any CPU.ActiveCfg = Release|Any CPU
		{6ADB6490-CEE1-499A-9F1B-FB1F18663DA8}.Release|Any CPU.Build.0 = Release|Any CPU
		{F399781C-D517-4AAA-820F-C4E4BB5815F5}.Debug|Any CPU.ActiveCfg = Debug|Any CPU
		{F399781C-D517-4AAA-820F-C4E4BB5815F5}.Debug|Any CPU.Build.0 = Debug|Any CPU
		{F399781C-D517-4AAA-820F-C4E4BB5815F5}.Release|Any CPU.ActiveCfg = Release|Any CPU
		{F399781C-D517-4AAA-820F-C4E4BB5815F5}.Release|Any CPU.Build.0 = Release|Any CPU
		{3B11A8AE-010F-426C-9F59-974694BA3718}.Debug|Any CPU.ActiveCfg = Debug|Any CPU
		{3B11A8AE-010F-426C-9F59-974694BA3718}.Debug|Any CPU.Build.0 = Debug|Any CPU
		{3B11A8AE-010F-426C-9F59-974694BA3718}.Release|Any CPU.ActiveCfg = Release|Any CPU
		{3B11A8AE-010F-426C-9F59-974694BA3718}.Release|Any CPU.Build.0 = Release|Any CPU
		{193F6B22-ECE1-4E33-8DC5-91F6CA8B0635}.Debug|Any CPU.ActiveCfg = Debug|Any CPU
		{193F6B22-ECE1-4E33-8DC5-91F6CA8B0635}.Debug|Any CPU.Build.0 = Debug|Any CPU
		{193F6B22-ECE1-4E33-8DC5-91F6CA8B0635}.Release|Any CPU.ActiveCfg = Release|Any CPU
		{193F6B22-ECE1-4E33-8DC5-91F6CA8B0635}.Release|Any CPU.Build.0 = Release|Any CPU
		{C71E1945-A4DA-49D0-BFAF-147E857D213C}.Debug|Any CPU.ActiveCfg = Debug|Any CPU
		{C71E1945-A4DA-49D0-BFAF-147E857D213C}.Debug|Any CPU.Build.0 = Debug|Any CPU
		{C71E1945-A4DA-49D0-BFAF-147E857D213C}.Release|Any CPU.ActiveCfg = Release|Any CPU
		{C71E1945-A4DA-49D0-BFAF-147E857D213C}.Release|Any CPU.Build.0 = Release|Any CPU
		{6322EFFA-D2E1-4781-9544-CC65C5A7CB5E}.Debug|Any CPU.ActiveCfg = Debug|Any CPU
		{6322EFFA-D2E1-4781-9544-CC65C5A7CB5E}.Debug|Any CPU.Build.0 = Debug|Any CPU
		{6322EFFA-D2E1-4781-9544-CC65C5A7CB5E}.Release|Any CPU.ActiveCfg = Release|Any CPU
		{6322EFFA-D2E1-4781-9544-CC65C5A7CB5E}.Release|Any CPU.Build.0 = Release|Any CPU
		{FA90121A-BD5A-429F-8931-CE21FFF8BDAB}.Debug|Any CPU.ActiveCfg = Debug|Any CPU
		{FA90121A-BD5A-429F-8931-CE21FFF8BDAB}.Debug|Any CPU.Build.0 = Debug|Any CPU
		{FA90121A-BD5A-429F-8931-CE21FFF8BDAB}.Release|Any CPU.ActiveCfg = Release|Any CPU
		{FA90121A-BD5A-429F-8931-CE21FFF8BDAB}.Release|Any CPU.Build.0 = Release|Any CPU
	EndGlobalSection
	GlobalSection(NestedProjects) = preSolution
		{8F6294B2-BDBF-415B-9967-38B92F040A5A} = {64A9A86D-6BCA-468E-8F1A-034B0A04032E}
		{FB0D1C02-84C7-410C-B2DB-58835A5DFFAE} = {64A9A86D-6BCA-468E-8F1A-034B0A04032E}
		{6ADB6490-CEE1-499A-9F1B-FB1F18663DA8} = {64A9A86D-6BCA-468E-8F1A-034B0A04032E}
		{F399781C-D517-4AAA-820F-C4E4BB5815F5} = {64A9A86D-6BCA-468E-8F1A-034B0A04032E}
		{3B11A8AE-010F-426C-9F59-974694BA3718} = {64A9A86D-6BCA-468E-8F1A-034B0A04032E}
		{193F6B22-ECE1-4E33-8DC5-91F6CA8B0635} = {64A9A86D-6BCA-468E-8F1A-034B0A04032E}
		{C71E1945-A4DA-49D0-BFAF-147E857D213C} = {64A9A86D-6BCA-468E-8F1A-034B0A04032E}
		{6322EFFA-D2E1-4781-9544-CC65C5A7CB5E} = {64A9A86D-6BCA-468E-8F1A-034B0A04032E}
		{FA90121A-BD5A-429F-8931-CE21FFF8BDAB} = {6915E615-0750-48A0-918A-EE5971921A5F}
	EndGlobalSection
EndGlobal
